
Microsoft Visual Studio Solution File, Format Version 12.00
# Visual Studio Version 17
VisualStudioVersion = 17.3.32811.315
MinimumVisualStudioVersion = 10.0.40219.1
Project("{FAE04EC0-301F-11D3-BF4B-00C04F79EFBC}") = "PROG_7312_Task_1_V1", "PROG_7312_Task_1_V1\PROG_7312_Task_1_V1.csproj", "{0993A516-BE1C-4817-8F64-DA0360329134}"
EndProject
Global
	GlobalSection(SolutionConfigurationPlatforms) = preSolution
		Debug|Any CPU = Debug|Any CPU
		Release|Any CPU = Release|Any CPU
	EndGlobalSection
	GlobalSection(ProjectConfigurationPlatforms) = postSolution
		{0993A516-BE1C-4817-8F64-DA0360329134}.Debug|Any CPU.ActiveCfg = Debug|Any CPU
		{0993A516-BE1C-4817-8F64-DA0360329134}.Debug|Any CPU.Build.0 = Debug|Any CPU
		{0993A516-BE1C-4817-8F64-DA0360329134}.Release|Any CPU.ActiveCfg = Release|Any CPU
		{0993A516-BE1C-4817-8F64-DA0360329134}.Release|Any CPU.Build.0 = Release|Any CPU
	EndGlobalSection
	GlobalSection(SolutionProperties) = preSolution
		HideSolutionNode = FALSE
	EndGlobalSection
	GlobalSection(ExtensibilityGlobals) = postSolution
		SolutionGuid = {06C9BCC5-A9C3-4579-B7FA-E1316D480C79}
	EndGlobalSection
EndGlobal
